
Microsoft Visual Studio Solution File, Format Version 12.00
# Visual Studio Version 16
VisualStudioVersion = 16.0.31829.152
MinimumVisualStudioVersion = 10.0.40219.1
Project("{9A19103F-16F7-4668-BE54-9A1E7A4F7556}") = "CS295NTermProject", "CS295NTermProject\CS295NTermProject.csproj", "{821BD801-CED7-4F4C-B168-F7B5A0FBD593}"
EndProject
Project("{FAE04EC0-301F-11D3-BF4B-00C04F79EFBC}") = "CS295NTermProjectTests", "CS295NTermProjectTests\CS295NTermProjectTests.csproj", "{128DA164-B5F5-4197-AF81-4FE4F5CB1FBD}"
EndProject
Global
	GlobalSection(SolutionConfigurationPlatforms) = preSolution
		Debug|Any CPU = Debug|Any CPU
		Release|Any CPU = Release|Any CPU
	EndGlobalSection
	GlobalSection(ProjectConfigurationPlatforms) = postSolution
		{821BD801-CED7-4F4C-B168-F7B5A0FBD593}.Debug|Any CPU.ActiveCfg = Debug|Any CPU
		{821BD801-CED7-4F4C-B168-F7B5A0FBD593}.Debug|Any CPU.Build.0 = Debug|Any CPU
		{821BD801-CED7-4F4C-B168-F7B5A0FBD593}.Release|Any CPU.ActiveCfg = Release|Any CPU
		{821BD801-CED7-4F4C-B168-F7B5A0FBD593}.Release|Any CPU.Build.0 = Release|Any CPU
		{128DA164-B5F5-4197-AF81-4FE4F5CB1FBD}.Debug|Any CPU.ActiveCfg = Debug|Any CPU
		{128DA164-B5F5-4197-AF81-4FE4F5CB1FBD}.Debug|Any CPU.Build.0 = Debug|Any CPU
		{128DA164-B5F5-4197-AF81-4FE4F5CB1FBD}.Release|Any CPU.ActiveCfg = Release|Any CPU
		{128DA164-B5F5-4197-AF81-4FE4F5CB1FBD}.Release|Any CPU.Build.0 = Release|Any CPU
	EndGlobalSection
	GlobalSection(SolutionProperties) = preSolution
		HideSolutionNode = FALSE
	EndGlobalSection
	GlobalSection(ExtensibilityGlobals) = postSolution
		SolutionGuid = {92D954CF-21B5-4705-90B8-5B44E66988F9}
	EndGlobalSection
EndGlobal
