
Microsoft Visual Studio Solution File, Format Version 12.00
# Visual Studio Version 16
VisualStudioVersion = 16.0.31829.152
MinimumVisualStudioVersion = 10.0.40219.1
Project("{9A19103F-16F7-4668-BE54-9A1E7A4F7556}") = "CS296N80sGameFansite", "CS296N80sGameFansite\CS296N80sGameFansite.csproj", "{C2305380-F760-4337-B709-57C3E9B80A89}"
EndProject
Project("{FAE04EC0-301F-11D3-BF4B-00C04F79EFBC}") = "Tests", "Tests\Tests.csproj", "{16B0072F-25D9-490D-9B40-A5E4698EBFD6}"
EndProject
Global
	GlobalSection(SolutionConfigurationPlatforms) = preSolution
		Debug|Any CPU = Debug|Any CPU
		Release|Any CPU = Release|Any CPU
	EndGlobalSection
	GlobalSection(ProjectConfigurationPlatforms) = postSolution
		{C2305380-F760-4337-B709-57C3E9B80A89}.Debug|Any CPU.ActiveCfg = Debug|Any CPU
		{C2305380-F760-4337-B709-57C3E9B80A89}.Debug|Any CPU.Build.0 = Debug|Any CPU
		{C2305380-F760-4337-B709-57C3E9B80A89}.Release|Any CPU.ActiveCfg = Release|Any CPU
		{C2305380-F760-4337-B709-57C3E9B80A89}.Release|Any CPU.Build.0 = Release|Any CPU
		{16B0072F-25D9-490D-9B40-A5E4698EBFD6}.Debug|Any CPU.ActiveCfg = Debug|Any CPU
		{16B0072F-25D9-490D-9B40-A5E4698EBFD6}.Debug|Any CPU.Build.0 = Debug|Any CPU
		{16B0072F-25D9-490D-9B40-A5E4698EBFD6}.Release|Any CPU.ActiveCfg = Release|Any CPU
		{16B0072F-25D9-490D-9B40-A5E4698EBFD6}.Release|Any CPU.Build.0 = Release|Any CPU
	EndGlobalSection
	GlobalSection(SolutionProperties) = preSolution
		HideSolutionNode = FALSE
	EndGlobalSection
	GlobalSection(ExtensibilityGlobals) = postSolution
		SolutionGuid = {AA61D16E-C49A-4CBF-ADB2-692595124006}
	EndGlobalSection
EndGlobal
